<?xml version="1.0" encoding="UTF-8" standalone="yes" ?>
<CodeBlocks_project_file>
	<FileVersion major="1" minor="6" />
	<Project>
		<Option title="baamanga" />
		<Option pch_mode="2" />
		<Option compiler="gcc" />
		<Build>
			<Script file="lib_finder.script" />
			<Target title="Debug">
				<Option output="bin/Debug/baamanga" prefix_auto="1" extension_auto="1" />
				<Option object_output="obj/Debug/" />
				<Option type="1" />
				<Option compiler="gcc" />
				<Compiler>
					<Add option="-g" />
				</Compiler>
			</Target>
			<Target title="Release">
				<Option output="bin/Release/baamanga" prefix_auto="1" extension_auto="1" />
				<Option object_output="obj/Release/" />
				<Option type="1" />
				<Option compiler="gcc" />
				<Compiler>
					<Add option="-O2" />
				</Compiler>
				<Linker>
					<Add option="-s" />
				</Linker>
			</Target>
		</Build>
		<Compiler>
			<Add option="-Wall" />
			<Add option="-fexceptions" />
		</Compiler>
		<Unit filename="src/animea.cpp" />
		<Unit filename="src/baamanga.cpp" />
		<Unit filename="src/bmhelp.cpp" />
		<Unit filename="src/bmopt.cpp" />
		<Unit filename="src/bmver.cpp" />
		<Unit filename="src/danboru.cpp" />
		<Unit filename="src/dirs_check.cpp" />
		<Unit filename="src/ehentai.cpp" />
		<Unit filename="src/futahentai.cpp" />
		<Unit filename="src/mangafox.cpp" />
		<Unit filename="src/mangahere.cpp" />
		<Unit filename="src/mangareader.cpp" />
		<Unit filename="src/mangashare.cpp" />
		<Unit filename="src/pown.cpp" />
		<Unit filename="src/submanga.cpp" />
		<Unit filename="src/write_data.cpp" />
		<Unit filename="src/zerochan.cpp" />
		<Extensions>
			<envvars />
			<code_completion />
			<lib_finder disable_auto="1">
				<lib name="libcurl" />
			</lib_finder>
			<debugger />
		</Extensions>
	</Project>
</CodeBlocks_project_file>
